
Microsoft Visual Studio Solution File, Format Version 12.00
# Visual Studio 2015
Project("{FAE04EC0-301F-11D3-BF4B-00C04F79EFBC}") = "Project2-master.CSharp", "Project2-master.CSharp.csproj", "{549FCF05-2F08-EAE6-ED42-C365B5CD4402}"
EndProject
Project("{FAE04EC0-301F-11D3-BF4B-00C04F79EFBC}") = "Project2-master.CSharp.Editor", "Project2-master.CSharp.Editor.csproj", "{2B1D5B86-4139-4B40-62D4-418885A6DDCE}"
EndProject
Global
	GlobalSection(SolutionConfigurationPlatforms) = preSolution
		Debug|Any CPU = Debug|Any CPU
		Release|Any CPU = Release|Any CPU
	EndGlobalSection
	GlobalSection(ProjectConfigurationPlatforms) = postSolution
		{549FCF05-2F08-EAE6-ED42-C365B5CD4402}.Debug|Any CPU.ActiveCfg = Debug|Any CPU
		{549FCF05-2F08-EAE6-ED42-C365B5CD4402}.Debug|Any CPU.Build.0 = Debug|Any CPU
		{549FCF05-2F08-EAE6-ED42-C365B5CD4402}.Release|Any CPU.ActiveCfg = Release|Any CPU
		{549FCF05-2F08-EAE6-ED42-C365B5CD4402}.Release|Any CPU.Build.0 = Release|Any CPU
		{2B1D5B86-4139-4B40-62D4-418885A6DDCE}.Debug|Any CPU.ActiveCfg = Debug|Any CPU
		{2B1D5B86-4139-4B40-62D4-418885A6DDCE}.Debug|Any CPU.Build.0 = Debug|Any CPU
		{2B1D5B86-4139-4B40-62D4-418885A6DDCE}.Release|Any CPU.ActiveCfg = Release|Any CPU
		{2B1D5B86-4139-4B40-62D4-418885A6DDCE}.Release|Any CPU.Build.0 = Release|Any CPU
	EndGlobalSection
	GlobalSection(SolutionProperties) = preSolution
		HideSolutionNode = FALSE
	EndGlobalSection
EndGlobal
